
Microsoft Visual Studio Solution File, Format Version 12.00
# Visual Studio Version 17
VisualStudioVersion = 17.2.32616.157
MinimumVisualStudioVersion = 10.0.40219.1
Project("{FAE04EC0-301F-11D3-BF4B-00C04F79EFBC}") = "APIforDevOpsPipeline", "APIforDevOpsPipeline\APIforDevOpsPipeline.csproj", "{DA2145C6-2E72-4E64-B672-DEF7F588516C}"
EndProject
Global
	GlobalSection(SolutionConfigurationPlatforms) = preSolution
		Debug|Any CPU = Debug|Any CPU
		Release|Any CPU = Release|Any CPU
	EndGlobalSection
	GlobalSection(ProjectConfigurationPlatforms) = postSolution
		{DA2145C6-2E72-4E64-B672-DEF7F588516C}.Debug|Any CPU.ActiveCfg = Debug|Any CPU
		{DA2145C6-2E72-4E64-B672-DEF7F588516C}.Debug|Any CPU.Build.0 = Debug|Any CPU
		{DA2145C6-2E72-4E64-B672-DEF7F588516C}.Release|Any CPU.ActiveCfg = Release|Any CPU
		{DA2145C6-2E72-4E64-B672-DEF7F588516C}.Release|Any CPU.Build.0 = Release|Any CPU
	EndGlobalSection
	GlobalSection(SolutionProperties) = preSolution
		HideSolutionNode = FALSE
	EndGlobalSection
	GlobalSection(ExtensibilityGlobals) = postSolution
		SolutionGuid = {B57C0077-8AB4-43B6-883B-92284D8348B3}
	EndGlobalSection
EndGlobal
